Microsoft Visual Studio Solution File, Format Version 12.00
# Visual Studio Version 17
VisualStudioVersion = 17.5.2.0
MinimumVisualStudioVersion = 10.0.40219.1
Project("{FAE04EC0-301F-11D3-BF4B-00C04F79EFBC}") = "MoitePari", "MoitePari\MoitePari.csproj", "{CCB0A045-27FF-EFCD-3B38-F16A8E34D27F}"
EndProject
Global
	GlobalSection(SolutionConfigurationPlatforms) = preSolution
		Debug|Any CPU = Debug|Any CPU
		Release|Any CPU = Release|Any CPU
	EndGlobalSection
	GlobalSection(ProjectConfigurationPlatforms) = postSolution
		{CCB0A045-27FF-EFCD-3B38-F16A8E34D27F}.Debug|Any CPU.ActiveCfg = Debug|Any CPU
		{CCB0A045-27FF-EFCD-3B38-F16A8E34D27F}.Debug|Any CPU.Build.0 = Debug|Any CPU
		{CCB0A045-27FF-EFCD-3B38-F16A8E34D27F}.Release|Any CPU.ActiveCfg = Release|Any CPU
		{CCB0A045-27FF-EFCD-3B38-F16A8E34D27F}.Release|Any CPU.Build.0 = Release|Any CPU
	EndGlobalSection
	GlobalSection(SolutionProperties) = preSolution
		HideSolutionNode = FALSE
	EndGlobalSection
	GlobalSection(ExtensibilityGlobals) = postSolution
		SolutionGuid = {4B346300-8BD9-4190-B22B-458439253924}
	EndGlobalSection
EndGlobal
